# This file is automatically @generated by Wally.
# It is not intended for manual editing.
registry = "test"

[[package]]
name = "devex/levels"
version = "0.1.0"
dependencies = [["dataservicetyped", "leifstout/dataservicetyped@1.0.5"]]

[[package]]
name = "leifstout/dataservicetyped"
version = "1.0.5"
dependencies = [["Networker", "leifstout/networker@0.3.1"], ["ProfileStore", "lm-loleris/profilestore@1.0.3"], ["Signal", "sleitnick/signal@2.0.3"]]

[[package]]
name = "leifstout/networker"
version = "0.3.1"
dependencies = [["Signal", "sleitnick/signal@2.0.3"]]

[[package]]
name = "lm-loleris/profilestore"
version = "1.0.3"
dependencies = []

[[package]]
name = "sleitnick/signal"
version = "2.0.3"
dependencies = []
